
Microsoft Visual Studio Solution File, Format Version 12.00
# Visual Studio Version 16
VisualStudioVersion = 16.0.31424.327
MinimumVisualStudioVersion = 10.0.40219.1
Project("{FAE04EC0-301F-11D3-BF4B-00C04F79EFBC}") = "LibreriaControlMVC", "LibreriaControlMVC\LibreriaControlMVC.csproj", "{999F2FC7-5363-4007-963E-1D53793507A0}"
EndProject
Global
	GlobalSection(SolutionConfigurationPlatforms) = preSolution
		Debug|Any CPU = Debug|Any CPU
		Release|Any CPU = Release|Any CPU
	EndGlobalSection
	GlobalSection(ProjectConfigurationPlatforms) = postSolution
		{999F2FC7-5363-4007-963E-1D53793507A0}.Debug|Any CPU.ActiveCfg = Debug|Any CPU
		{999F2FC7-5363-4007-963E-1D53793507A0}.Debug|Any CPU.Build.0 = Debug|Any CPU
		{999F2FC7-5363-4007-963E-1D53793507A0}.Release|Any CPU.ActiveCfg = Release|Any CPU
		{999F2FC7-5363-4007-963E-1D53793507A0}.Release|Any CPU.Build.0 = Release|Any CPU
	EndGlobalSection
	GlobalSection(SolutionProperties) = preSolution
		HideSolutionNode = FALSE
	EndGlobalSection
	GlobalSection(ExtensibilityGlobals) = postSolution
		SolutionGuid = {ADC57113-5C52-4B84-BF8D-C21343311D7F}
	EndGlobalSection
EndGlobal
